
Microsoft Visual Studio Solution File, Format Version 12.00
# Visual Studio Version 17
VisualStudioVersion = 17.9.34728.123
MinimumVisualStudioVersion = 10.0.40219.1
Project("{FAE04EC0-301F-11D3-BF4B-00C04F79EFBC}") = "WpfApp1", "WpfApp1\WpfApp1.csproj", "{A5325594-8576-4B22-A5C3-981F125E27A3}"
EndProject
Global
	GlobalSection(SolutionConfigurationPlatforms) = preSolution
		Debug|Any CPU = Debug|Any CPU
		Release|Any CPU = Release|Any CPU
	EndGlobalSection
	GlobalSection(ProjectConfigurationPlatforms) = postSolution
		{A5325594-8576-4B22-A5C3-981F125E27A3}.Debug|Any CPU.ActiveCfg = Debug|Any CPU
		{A5325594-8576-4B22-A5C3-981F125E27A3}.Debug|Any CPU.Build.0 = Debug|Any CPU
		{A5325594-8576-4B22-A5C3-981F125E27A3}.Release|Any CPU.ActiveCfg = Release|Any CPU
		{A5325594-8576-4B22-A5C3-981F125E27A3}.Release|Any CPU.Build.0 = Release|Any CPU
	EndGlobalSection
	GlobalSection(SolutionProperties) = preSolution
		HideSolutionNode = FALSE
	EndGlobalSection
	GlobalSection(ExtensibilityGlobals) = postSolution
		SolutionGuid = {4AAB571E-7B93-477F-8D39-3EF7C92BFBC8}
	EndGlobalSection
EndGlobal
